
Microsoft Visual Studio Solution File, Format Version 12.00
# Visual Studio Version 16
VisualStudioVersion = 16.0.30128.74
MinimumVisualStudioVersion = 10.0.40219.1
Project("{FAE04EC0-301F-11D3-BF4B-00C04F79EFBC}") = "Lab3", "Lab3\Lab3.csproj", "{B2C37C2F-AC83-4340-9BD6-224C2E84B115}"
EndProject
Project("{FAE04EC0-301F-11D3-BF4B-00C04F79EFBC}") = "UnitTestProject", "UnitTestProject\UnitTestProject.csproj", "{A934FEAA-F95F-4C86-9413-29FD05BCF7B9}"
EndProject
Global
	GlobalSection(SolutionConfigurationPlatforms) = preSolution
		Debug|Any CPU = Debug|Any CPU
		Release|Any CPU = Release|Any CPU
	EndGlobalSection
	GlobalSection(ProjectConfigurationPlatforms) = postSolution
		{B2C37C2F-AC83-4340-9BD6-224C2E84B115}.Debug|Any CPU.ActiveCfg = Debug|Any CPU
		{B2C37C2F-AC83-4340-9BD6-224C2E84B115}.Debug|Any CPU.Build.0 = Debug|Any CPU
		{B2C37C2F-AC83-4340-9BD6-224C2E84B115}.Release|Any CPU.ActiveCfg = Release|Any CPU
		{B2C37C2F-AC83-4340-9BD6-224C2E84B115}.Release|Any CPU.Build.0 = Release|Any CPU
		{A934FEAA-F95F-4C86-9413-29FD05BCF7B9}.Debug|Any CPU.ActiveCfg = Debug|Any CPU
		{A934FEAA-F95F-4C86-9413-29FD05BCF7B9}.Debug|Any CPU.Build.0 = Debug|Any CPU
		{A934FEAA-F95F-4C86-9413-29FD05BCF7B9}.Release|Any CPU.ActiveCfg = Release|Any CPU
		{A934FEAA-F95F-4C86-9413-29FD05BCF7B9}.Release|Any CPU.Build.0 = Release|Any CPU
	EndGlobalSection
	GlobalSection(SolutionProperties) = preSolution
		HideSolutionNode = FALSE
	EndGlobalSection
	GlobalSection(ExtensibilityGlobals) = postSolution
		SolutionGuid = {B8EE3CFB-601D-4C16-8280-3B53EC9D317F}
	EndGlobalSection
EndGlobal
